
Microsoft Visual Studio Solution File, Format Version 12.00
# Visual Studio Version 17
VisualStudioVersion = 17.11.35327.3
MinimumVisualStudioVersion = 10.0.40219.1
Project("{FAE04EC0-301F-11D3-BF4B-00C04F79EFBC}") = "UltraBusAPI", "UltraBusAPI\UltraBusAPI.csproj", "{61C75BF2-67BD-4E08-B0DB-973064B4B2FD}"
EndProject
Global
	GlobalSection(SolutionConfigurationPlatforms) = preSolution
		Debug|Any CPU = Debug|Any CPU
		Release|Any CPU = Release|Any CPU
	EndGlobalSection
	GlobalSection(ProjectConfigurationPlatforms) = postSolution
		{61C75BF2-67BD-4E08-B0DB-973064B4B2FD}.Debug|Any CPU.ActiveCfg = Debug|Any CPU
		{61C75BF2-67BD-4E08-B0DB-973064B4B2FD}.Debug|Any CPU.Build.0 = Debug|Any CPU
		{61C75BF2-67BD-4E08-B0DB-973064B4B2FD}.Release|Any CPU.ActiveCfg = Release|Any CPU
		{61C75BF2-67BD-4E08-B0DB-973064B4B2FD}.Release|Any CPU.Build.0 = Release|Any CPU
	EndGlobalSection
	GlobalSection(SolutionProperties) = preSolution
		HideSolutionNode = FALSE
	EndGlobalSection
	GlobalSection(ExtensibilityGlobals) = postSolution
		SolutionGuid = {AC1BDBC2-0CF0-4F0F-B154-55670B9C004C}
	EndGlobalSection
EndGlobal
